
Microsoft Visual Studio Solution File, Format Version 12.00
# Visual Studio 2013
VisualStudioVersion = 12.0.30723.0
MinimumVisualStudioVersion = 10.0.40219.1
Project("{8BC9CEB8-8B4A-11D0-8D11-00A0C91BC942}") = "ManagedDllWrapper", "ManagedDllWrapper\ManagedDllWrapper.vcxproj", "{881EA000-93A7-4664-A704-A6459607B1F6}"
	ProjectSection(ProjectDependencies) = postProject
		{91422844-336B-4A52-ACA7-303586D9500E} = {91422844-336B-4A52-ACA7-303586D9500E}
	EndProjectSection
EndProject
Project("{8BC9CEB8-8B4A-11D0-8D11-00A0C91BC942}") = "CudaUnman", "CudaUnman\CudaUnman.vcxproj", "{91422844-336B-4A52-ACA7-303586D9500E}"
EndProject
Project("{FAE04EC0-301F-11D3-BF4B-00C04F79EFBC}") = "CSharp", "CSharp\CSharp.csproj", "{C30B127B-D189-4596-8783-33D20767AC60}"
EndProject
Project("{FAE04EC0-301F-11D3-BF4B-00C04F79EFBC}") = "UnitTestProject1", "UnitTestProject1\UnitTestProject1.csproj", "{98A4DDA4-B798-4125-B5EE-0AA1D35CAB9F}"
EndProject
Global
	GlobalSection(SolutionConfigurationPlatforms) = preSolution
		Debug|Any CPU = Debug|Any CPU
		Debug|Mixed Platforms = Debug|Mixed Platforms
		Debug|Win32 = Debug|Win32
		Debug|x64 = Debug|x64
		Debug|x86 = Debug|x86
		Release|Any CPU = Release|Any CPU
		Release|Mixed Platforms = Release|Mixed Platforms
		Release|Win32 = Release|Win32
		Release|x64 = Release|x64
		Release|x86 = Release|x86
	EndGlobalSection
	GlobalSection(ProjectConfigurationPlatforms) = postSolution
		{881EA000-93A7-4664-A704-A6459607B1F6}.Debug|Any CPU.ActiveCfg = Debug|Win32
		{881EA000-93A7-4664-A704-A6459607B1F6}.Debug|Mixed Platforms.ActiveCfg = Debug|Win32
		{881EA000-93A7-4664-A704-A6459607B1F6}.Debug|Mixed Platforms.Build.0 = Debug|Win32
		{881EA000-93A7-4664-A704-A6459607B1F6}.Debug|Win32.ActiveCfg = Debug|Win32
		{881EA000-93A7-4664-A704-A6459607B1F6}.Debug|Win32.Build.0 = Debug|Win32
		{881EA000-93A7-4664-A704-A6459607B1F6}.Debug|x64.ActiveCfg = Debug|Win32
		{881EA000-93A7-4664-A704-A6459607B1F6}.Debug|x86.ActiveCfg = Debug|Win32
		{881EA000-93A7-4664-A704-A6459607B1F6}.Release|Any CPU.ActiveCfg = Release|Win32
		{881EA000-93A7-4664-A704-A6459607B1F6}.Release|Mixed Platforms.ActiveCfg = Release|Win32
		{881EA000-93A7-4664-A704-A6459607B1F6}.Release|Mixed Platforms.Build.0 = Release|Win32
		{881EA000-93A7-4664-A704-A6459607B1F6}.Release|Win32.ActiveCfg = Release|Win32
		{881EA000-93A7-4664-A704-A6459607B1F6}.Release|Win32.Build.0 = Release|Win32
		{881EA000-93A7-4664-A704-A6459607B1F6}.Release|x64.ActiveCfg = Release|Win32
		{881EA000-93A7-4664-A704-A6459607B1F6}.Release|x86.ActiveCfg = Release|Win32
		{91422844-336B-4A52-ACA7-303586D9500E}.Debug|Any CPU.ActiveCfg = Debug|Win32
		{91422844-336B-4A52-ACA7-303586D9500E}.Debug|Mixed Platforms.ActiveCfg = Debug|Win32
		{91422844-336B-4A52-ACA7-303586D9500E}.Debug|Mixed Platforms.Build.0 = Debug|Win32
		{91422844-336B-4A52-ACA7-303586D9500E}.Debug|Win32.ActiveCfg = Debug|Win32
		{91422844-336B-4A52-ACA7-303586D9500E}.Debug|Win32.Build.0 = Debug|Win32
		{91422844-336B-4A52-ACA7-303586D9500E}.Debug|x64.ActiveCfg = Debug|x64
		{91422844-336B-4A52-ACA7-303586D9500E}.Debug|x64.Build.0 = Debug|x64
		{91422844-336B-4A52-ACA7-303586D9500E}.Debug|x86.ActiveCfg = Debug|Win32
		{91422844-336B-4A52-ACA7-303586D9500E}.Debug|x86.Build.0 = Debug|Win32
		{91422844-336B-4A52-ACA7-303586D9500E}.Release|Any CPU.ActiveCfg = Release|Win32
		{91422844-336B-4A52-ACA7-303586D9500E}.Release|Mixed Platforms.ActiveCfg = Release|Win32
		{91422844-336B-4A52-ACA7-303586D9500E}.Release|Mixed Platforms.Build.0 = Release|Win32
		{91422844-336B-4A52-ACA7-303586D9500E}.Release|Win32.ActiveCfg = Release|Win32
		{91422844-336B-4A52-ACA7-303586D9500E}.Release|Win32.Build.0 = Release|Win32
		{91422844-336B-4A52-ACA7-303586D9500E}.Release|x64.ActiveCfg = Release|x64
		{91422844-336B-4A52-ACA7-303586D9500E}.Release|x64.Build.0 = Release|x64
		{91422844-336B-4A52-ACA7-303586D9500E}.Release|x86.ActiveCfg = Release|Win32
		{91422844-336B-4A52-ACA7-303586D9500E}.Release|x86.Build.0 = Release|Win32
		{C30B127B-D189-4596-8783-33D20767AC60}.Debug|Any CPU.ActiveCfg = Debug|Any CPU
		{C30B127B-D189-4596-8783-33D20767AC60}.Debug|Any CPU.Build.0 = Debug|Any CPU
		{C30B127B-D189-4596-8783-33D20767AC60}.Debug|Mixed Platforms.ActiveCfg = Debug|Any CPU
		{C30B127B-D189-4596-8783-33D20767AC60}.Debug|Mixed Platforms.Build.0 = Debug|Any CPU
		{C30B127B-D189-4596-8783-33D20767AC60}.Debug|Win32.ActiveCfg = Debug|Any CPU
		{C30B127B-D189-4596-8783-33D20767AC60}.Debug|x64.ActiveCfg = Debug|Any CPU
		{C30B127B-D189-4596-8783-33D20767AC60}.Debug|x86.ActiveCfg = Debug|Any CPU
		{C30B127B-D189-4596-8783-33D20767AC60}.Release|Any CPU.ActiveCfg = Release|Any CPU
		{C30B127B-D189-4596-8783-33D20767AC60}.Release|Any CPU.Build.0 = Release|Any CPU
		{C30B127B-D189-4596-8783-33D20767AC60}.Release|Mixed Platforms.ActiveCfg = Release|Any CPU
		{C30B127B-D189-4596-8783-33D20767AC60}.Release|Mixed Platforms.Build.0 = Release|Any CPU
		{C30B127B-D189-4596-8783-33D20767AC60}.Release|Win32.ActiveCfg = Release|Any CPU
		{C30B127B-D189-4596-8783-33D20767AC60}.Release|x64.ActiveCfg = Release|Any CPU
		{C30B127B-D189-4596-8783-33D20767AC60}.Release|x86.ActiveCfg = Release|Any CPU
		{98A4DDA4-B798-4125-B5EE-0AA1D35CAB9F}.Debug|Any CPU.ActiveCfg = Debug|Any CPU
		{98A4DDA4-B798-4125-B5EE-0AA1D35CAB9F}.Debug|Any CPU.Build.0 = Debug|Any CPU
		{98A4DDA4-B798-4125-B5EE-0AA1D35CAB9F}.Debug|Mixed Platforms.ActiveCfg = Debug|Any CPU
		{98A4DDA4-B798-4125-B5EE-0AA1D35CAB9F}.Debug|Mixed Platforms.Build.0 = Debug|Any CPU
		{98A4DDA4-B798-4125-B5EE-0AA1D35CAB9F}.Debug|Win32.ActiveCfg = Debug|Any CPU
		{98A4DDA4-B798-4125-B5EE-0AA1D35CAB9F}.Debug|x64.ActiveCfg = Debug|Any CPU
		{98A4DDA4-B798-4125-B5EE-0AA1D35CAB9F}.Debug|x86.ActiveCfg = Debug|Any CPU
		{98A4DDA4-B798-4125-B5EE-0AA1D35CAB9F}.Release|Any CPU.ActiveCfg = Release|Any CPU
		{98A4DDA4-B798-4125-B5EE-0AA1D35CAB9F}.Release|Any CPU.Build.0 = Release|Any CPU
		{98A4DDA4-B798-4125-B5EE-0AA1D35CAB9F}.Release|Mixed Platforms.ActiveCfg = Release|Any CPU
		{98A4DDA4-B798-4125-B5EE-0AA1D35CAB9F}.Release|Mixed Platforms.Build.0 = Release|Any CPU
		{98A4DDA4-B798-4125-B5EE-0AA1D35CAB9F}.Release|Win32.ActiveCfg = Release|Any CPU
		{98A4DDA4-B798-4125-B5EE-0AA1D35CAB9F}.Release|x64.ActiveCfg = Release|Any CPU
		{98A4DDA4-B798-4125-B5EE-0AA1D35CAB9F}.Release|x86.ActiveCfg = Release|Any CPU
	EndGlobalSection
	GlobalSection(SolutionProperties) = preSolution
		HideSolutionNode = FALSE
	EndGlobalSection
EndGlobal
